// !$*UTF8*$!
{
	archiveVersion = 1;
	classes = {
	};
	objectVersion = 46;
	objects = {

/* Begin PBXBuildFile section */
		7A77E4D51BF8FF8300775D14 /* pe12-2a.c in Sources */ = {isa = PBXBuildFile; fileRef = 7A77E4D21BF8FF8300775D14 /* pe12-2a.c */; };
		7A77E4D61BF8FF8300775D14 /* pe12-2b.c in Sources */ = {isa = PBXBuildFile; fileRef = 7A77E4D41BF8FF8300775D14 /* pe12-2b.c */; };
/* End PBXBuildFile section */

/* Begin PBXCopyFilesBuildPhase section */
		7A77E4C41BF8FF2900775D14 /* CopyFiles */ = {
			isa = PBXCopyFilesBuildPhase;
			buildActionMask = 2147483647;
			dstPath = /usr/share/man/man1/;
			dstSubfolderSpec = 0;
			files = (
			);
			runOnlyForDeploymentPostprocessing = 1;
		};
/* End PBXCopyFilesBuildPhase section */

/* Begin PBXFileReference section */
		7A77E4C61BF8FF2900775D14 /* cwiczenie3 */ = {isa = PBXFileReference; explicitFileType = "compiled.mach-o.executable"; includeInIndex = 0; path = cwiczenie3; sourceTree = BUILT_PRODUCTS_DIR; };
		7A77E4D21BF8FF8300775D14 /* pe12-2a.c */ = {isa = PBXFileReference; fileEncoding = 4; lastKnownFileType = sourcecode.c.c; path = "pe12-2a.c"; sourceTree = "<group>"; };
		7A77E4D31BF8FF8300775D14 /* pe12-2a.h */ = {isa = PBXFileReference; fileEncoding = 4; lastKnownFileType = sourcecode.c.h; path = "pe12-2a.h"; sourceTree = "<group>"; };
		7A77E4D41BF8FF8300775D14 /* pe12-2b.c */ = {isa = PBXFileReference; fileEncoding = 4; lastKnownFileType = sourcecode.c.c; path = "pe12-2b.c"; sourceTree = "<group>"; };
/* End PBXFileReference section */

/* Begin PBXFrameworksBuildPhase section */
		7A77E4C31BF8FF2900775D14 /* Frameworks */ = {
			isa = PBXFrameworksBuildPhase;
			buildActionMask = 2147483647;
			files = (
			);
			runOnlyForDeploymentPostprocessing = 0;
		};
/* End PBXFrameworksBuildPhase section */

/* Begin PBXGroup section */
		7A77E4BD1BF8FF2900775D14 = {
			isa = PBXGroup;
			children = (
				7A77E4C81BF8FF2900775D14 /* cwiczenie3 */,
				7A77E4C71BF8FF2900775D14 /* Products */,
			);
			sourceTree = "<group>";
		};
		7A77E4C71BF8FF2900775D14 /* Products */ = {
			isa = PBXGroup;
			children = (
				7A77E4C61BF8FF2900775D14 /* cwiczenie3 */,
			);
			name = Products;
			sourceTree = "<group>";
		};
		7A77E4C81BF8FF2900775D14 /* cwiczenie3 */ = {
			isa = PBXGroup;
			children = (
				7A77E4D21BF8FF8300775D14 /* pe12-2a.c */,
				7A77E4D31BF8FF8300775D14 /* pe12-2a.h */,
				7A77E4D41BF8FF8300775D14 /* pe12-2b.c */,
			);
			path = cwiczenie3;
			sourceTree = "<group>";
		};
/* End PBXGroup section */

/* Begin PBXNativeTarget section */
		7A77E4C51BF8FF2900775D14 /* cwiczenie3 */ = {
			isa = PBXNativeTarget;
			buildConfigurationList = 7A77E4CD1BF8FF2900775D14 /* Build configuration list for PBXNativeTarget "cwiczenie3" */;
			buildPhases = (
				7A77E4C21BF8FF2900775D14 /* Sources */,
				7A77E4C31BF8FF2900775D14 /* Frameworks */,
				7A77E4C41BF8FF2900775D14 /* CopyFiles */,
			);
			buildRules = (
			);
			dependencies = (
			);
			name = cwiczenie3;
			productName = cwiczenie3;
			productReference = 7A77E4C61BF8FF2900775D14 /* cwiczenie3 */;
			productType = "com.apple.product-type.tool";
		};
/* End PBXNativeTarget section */

/* Begin PBXProject section */
		7A77E4BE1BF8FF2900775D14 /* Project object */ = {
			isa = PBXProject;
			attributes = {
				LastUpgradeCheck = 0710;
				ORGANIZATIONNAME = "Wiktor Korol";
				TargetAttributes = {
					7A77E4C51BF8FF2900775D14 = {
						CreatedOnToolsVersion = 7.1.1;
					};
				};
			};
			buildConfigurationList = 7A77E4C11BF8FF2900775D14 /* Build configuration list for PBXProject "cwiczenie3" */;
			compatibilityVersion = "Xcode 3.2";
			developmentRegion = English;
			hasScannedForEncodings = 0;
			knownRegions = (
				en,
			);
			mainGroup = 7A77E4BD1BF8FF2900775D14;
			productRefGroup = 7A77E4C71BF8FF2900775D14 /* Products */;
			projectDirPath = "";
			projectRoot = "";
			targets = (
				7A77E4C51BF8FF2900775D14 /* cwiczenie3 */,
			);
		};
/* End PBXProject section */

/* Begin PBXSourcesBuildPhase section */
		7A77E4C21BF8FF2900775D14 /* Sources */ = {
			isa = PBXSourcesBuildPhase;
			buildActionMask = 2147483647;
			files = (
				7A77E4D51BF8FF8300775D14 /* pe12-2a.c in Sources */,
				7A77E4D61BF8FF8300775D14 /* pe12-2b.c in Sources */,
			);
			runOnlyForDeploymentPostprocessing = 0;
		};
/* End PBXSourcesBuildPhase section */

/* Begin XCBuildConfiguration section */
		7A77E4CB1BF8FF2900775D14 /* Debug */ = {
			isa = XCBuildConfiguration;
			buildSettings = {
				ALWAYS_SEARCH_USER_PATHS = NO;
				CLANG_CXX_LANGUAGE_STANDARD = "gnu++0x";
				CLANG_CXX_LIBRARY = "libc++";
				CLANG_ENABLE_MODULES = YES;
				CLANG_ENABLE_OBJC_ARC = YES;
				CLANG_WARN_BOOL_CONVERSION = YES;
				CLANG_WARN_CONSTANT_CONVERSION = YES;
				CLANG_WARN_DIRECT_OBJC_ISA_USAGE = YES_ERROR;
				CLANG_WARN_EMPTY_BODY = YES;
				CLANG_WARN_ENUM_CONVERSION = YES;
				CLANG_WARN_INT_CONVERSION = YES;
				CLANG_WARN_OBJC_ROOT_CLASS = YES_ERROR;
				CLANG_WARN_UNREACHABLE_CODE = YES;
				CLANG_WARN__DUPLICATE_METHOD_MATCH = YES;
				CODE_SIGN_IDENTITY = "-";
				COPY_PHASE_STRIP = NO;
				DEBUG_INFORMATION_FORMAT = dwarf;
				ENABLE_STRICT_OBJC_MSGSEND = YES;
				ENABLE_TESTABILITY = YES;
				GCC_C_LANGUAGE_STANDARD = gnu99;
				GCC_DYNAMIC_NO_PIC = NO;
				GCC_NO_COMMON_BLOCKS = YES;
				GCC_OPTIMIZATION_LEVEL = 0;
				GCC_PREPROCESSOR_DEFINITIONS = (
					"DEBUG=1",
					"$(inherited)",
				);
				GCC_WARN_64_TO_32_BIT_CONVERSION = YES;
				GCC_WARN_ABOUT_RETURN_TYPE = YES_ERROR;
				GCC_WARN_UNDECLARED_SELECTOR = YES;
				GCC_WARN_UNINITIALIZED_AUTOS = YES_AGGRESSIVE;
				GCC_WARN_UNUSED_FUNCTION = YES;
				GCC_WARN_UNUSED_VARIABLE = YES;
				MACOSX_DEPLOYMENT_TARGET = 10.11;
				MTL_ENABLE_DEBUG_INFO = YES;
				ONLY_ACTIVE_ARCH = YES;
				SDKROOT = macosx;
			};
			name = Debug;
		};
		7A77E4CC1BF8FF2900775D14 /* Release */ = {
			isa = XCBuildConfiguration;
			buildSettings = {
				ALWAYS_SEARCH_USER_PATHS = NO;
				CLANG_CXX_LANGUAGE_STANDARD = "gnu++0x";
				CLANG_CXX_LIBRARY = "libc++";
				CLANG_ENABLE_MODULES = YES;
				CLANG_ENABLE_OBJC_ARC = YES;
				CLANG_WARN_BOOL_CONVERSION = YES;
				CLANG_WARN_CONSTANT_CONVERSION = YES;
				CLANG_WARN_DIRECT_OBJC_ISA_USAGE = YES_ERROR;
				CLANG_WARN_EMPTY_BODY = YES;
				CLANG_WARN_ENUM_CONVERSION = YES;
				CLANG_WARN_INT_CONVERSION = YES;
				CLANG_WARN_OBJC_ROOT_CLASS = YES_ERROR;
				CLANG_WARN_UNREACHABLE_CODE = YES;
				CLANG_WARN__DUPLICATE_METHOD_MATCH = YES;
				CODE_SIGN_IDENTITY = "-";
				COPY_PHASE_STRIP = NO;
				DEBUG_INFORMATION_FORMAT = "dwarf-with-dsym";
				ENABLE_NS_ASSERTIONS = NO;
				ENABLE_STRICT_OBJC_MSGSEND = YES;
				GCC_C_LANGUAGE_STANDARD = gnu99;
				GCC_NO_COMMON_BLOCKS = YES;
				GCC_WARN_64_TO_32_BIT_CONVERSION = YES;
				GCC_WARN_ABOUT_RETURN_TYPE = YES_ERROR;
				GCC_WARN_UNDECLARED_SELECTOR = YES;
				GCC_WARN_UNINITIALIZED_AUTOS = YES_AGGRESSIVE;
				GCC_WARN_UNUSED_FUNCTION = YES;
				GCC_WARN_UNUSED_VARIABLE = YES;
				MACOSX_DEPLOYMENT_TARGET = 10.11;
				MTL_ENABLE_DEBUG_INFO = NO;
				SDKROOT = macosx;
			};
			name = Release;
		};
		7A77E4CE1BF8FF2900775D14 /* Debug */ = {
			isa = XCBuildConfiguration;
			buildSettings = {
				PRODUCT_NAME = "$(TARGET_NAME)";
			};
			name = Debug;
		};
		7A77E4CF1BF8FF2900775D14 /* Release */ = {
			isa = XCBuildConfiguration;
			buildSettings = {
				PRODUCT_NAME = "$(TARGET_NAME)";
			};
			name = Release;
		};
/* End XCBuildConfiguration section */

/* Begin XCConfigurationList section */
		7A77E4C11BF8FF2900775D14 /* Build configuration list for PBXProject "cwiczenie3" */ = {
			isa = XCConfigurationList;
			buildConfigurations = (
				7A77E4CB1BF8FF2900775D14 /* Debug */,
				7A77E4CC1BF8FF2900775D14 /* Release */,
			);
			defaultConfigurationIsVisible = 0;
			defaultConfigurationName = Release;
		};
		7A77E4CD1BF8FF2900775D14 /* Build configuration list for PBXNativeTarget "cwiczenie3" */ = {
			isa = XCConfigurationList;
			buildConfigurations = (
				7A77E4CE1BF8FF2900775D14 /* Debug */,
				7A77E4CF1BF8FF2900775D14 /* Release */,
			);
			defaultConfigurationIsVisible = 0;
		};
/* End XCConfigurationList section */
	};
	rootObject = 7A77E4BE1BF8FF2900775D14 /* Project object */;
}
