// !$*UTF8*$!
{
	archiveVersion = 1;
	classes = {
	};
	objectVersion = 46;
	objects = {

/* Begin PBXBuildFile section */
		7AAA05821C9F28DD00989840 /* atbeginning.c in Sources */ = {isa = PBXBuildFile; fileRef = 7AAA05811C9F28DD00989840 /* atbeginning.c */; };
		7AAA058F1C9FE2C800989840 /* main.c in Sources */ = {isa = PBXBuildFile; fileRef = 7AAA058E1C9FE2C800989840 /* main.c */; };
		7AAA059A1C9FF13400989840 /* main.c in Sources */ = {isa = PBXBuildFile; fileRef = 7AAA05991C9FF13400989840 /* main.c */; };
		7AAA05A51CA025B800989840 /* main.c in Sources */ = {isa = PBXBuildFile; fileRef = 7AAA05A41CA025B800989840 /* main.c */; };
/* End PBXBuildFile section */

/* Begin PBXCopyFilesBuildPhase section */
		7AAA057C1C9F28DD00989840 /* CopyFiles */ = {
			isa = PBXCopyFilesBuildPhase;
			buildActionMask = 2147483647;
			dstPath = /usr/share/man/man1/;
			dstSubfolderSpec = 0;
			files = (
			);
			runOnlyForDeploymentPostprocessing = 1;
		};
		7AAA058A1C9FE2C800989840 /* CopyFiles */ = {
			isa = PBXCopyFilesBuildPhase;
			buildActionMask = 2147483647;
			dstPath = /usr/share/man/man1/;
			dstSubfolderSpec = 0;
			files = (
			);
			runOnlyForDeploymentPostprocessing = 1;
		};
		7AAA05951C9FF13400989840 /* CopyFiles */ = {
			isa = PBXCopyFilesBuildPhase;
			buildActionMask = 2147483647;
			dstPath = /usr/share/man/man1/;
			dstSubfolderSpec = 0;
			files = (
			);
			runOnlyForDeploymentPostprocessing = 1;
		};
		7AAA05A01CA025B800989840 /* CopyFiles */ = {
			isa = PBXCopyFilesBuildPhase;
			buildActionMask = 2147483647;
			dstPath = /usr/share/man/man1/;
			dstSubfolderSpec = 0;
			files = (
			);
			runOnlyForDeploymentPostprocessing = 1;
		};
/* End PBXCopyFilesBuildPhase section */

/* Begin PBXFileReference section */
		7AAA057E1C9F28DD00989840 /* listy youtube */ = {isa = PBXFileReference; explicitFileType = "compiled.mach-o.executable"; includeInIndex = 0; path = "listy youtube"; sourceTree = BUILT_PRODUCTS_DIR; };
		7AAA05811C9F28DD00989840 /* atbeginning.c */ = {isa = PBXFileReference; lastKnownFileType = sourcecode.c.c; path = atbeginning.c; sourceTree = "<group>"; };
		7AAA058C1C9FE2C800989840 /* atnthposition */ = {isa = PBXFileReference; explicitFileType = "compiled.mach-o.executable"; includeInIndex = 0; path = atnthposition; sourceTree = BUILT_PRODUCTS_DIR; };
		7AAA058E1C9FE2C800989840 /* main.c */ = {isa = PBXFileReference; lastKnownFileType = sourcecode.c.c; path = main.c; sourceTree = "<group>"; };
		7AAA05971C9FF13400989840 /* deleteatnthposition */ = {isa = PBXFileReference; explicitFileType = "compiled.mach-o.executable"; includeInIndex = 0; path = deleteatnthposition; sourceTree = BUILT_PRODUCTS_DIR; };
		7AAA05991C9FF13400989840 /* main.c */ = {isa = PBXFileReference; lastKnownFileType = sourcecode.c.c; path = main.c; sourceTree = "<group>"; };
		7AAA05A21CA025B800989840 /* reverse */ = {isa = PBXFileReference; explicitFileType = "compiled.mach-o.executable"; includeInIndex = 0; path = reverse; sourceTree = BUILT_PRODUCTS_DIR; };
		7AAA05A41CA025B800989840 /* main.c */ = {isa = PBXFileReference; lastKnownFileType = sourcecode.c.c; path = main.c; sourceTree = "<group>"; };
/* End PBXFileReference section */

/* Begin PBXFrameworksBuildPhase section */
		7AAA057B1C9F28DD00989840 /* Frameworks */ = {
			isa = PBXFrameworksBuildPhase;
			buildActionMask = 2147483647;
			files = (
			);
			runOnlyForDeploymentPostprocessing = 0;
		};
		7AAA05891C9FE2C800989840 /* Frameworks */ = {
			isa = PBXFrameworksBuildPhase;
			buildActionMask = 2147483647;
			files = (
			);
			runOnlyForDeploymentPostprocessing = 0;
		};
		7AAA05941C9FF13400989840 /* Frameworks */ = {
			isa = PBXFrameworksBuildPhase;
			buildActionMask = 2147483647;
			files = (
			);
			runOnlyForDeploymentPostprocessing = 0;
		};
		7AAA059F1CA025B800989840 /* Frameworks */ = {
			isa = PBXFrameworksBuildPhase;
			buildActionMask = 2147483647;
			files = (
			);
			runOnlyForDeploymentPostprocessing = 0;
		};
/* End PBXFrameworksBuildPhase section */

/* Begin PBXGroup section */
		7AAA05751C9F28DD00989840 = {
			isa = PBXGroup;
			children = (
				7AAA05801C9F28DD00989840 /* listy youtube */,
				7AAA058D1C9FE2C800989840 /* atnthposition */,
				7AAA05981C9FF13400989840 /* deleteatnthposition */,
				7AAA05A31CA025B800989840 /* reverse */,
				7AAA057F1C9F28DD00989840 /* Products */,
			);
			sourceTree = "<group>";
		};
		7AAA057F1C9F28DD00989840 /* Products */ = {
			isa = PBXGroup;
			children = (
				7AAA057E1C9F28DD00989840 /* listy youtube */,
				7AAA058C1C9FE2C800989840 /* atnthposition */,
				7AAA05971C9FF13400989840 /* deleteatnthposition */,
				7AAA05A21CA025B800989840 /* reverse */,
			);
			name = Products;
			sourceTree = "<group>";
		};
		7AAA05801C9F28DD00989840 /* listy youtube */ = {
			isa = PBXGroup;
			children = (
				7AAA05811C9F28DD00989840 /* atbeginning.c */,
			);
			path = "listy youtube";
			sourceTree = "<group>";
		};
		7AAA058D1C9FE2C800989840 /* atnthposition */ = {
			isa = PBXGroup;
			children = (
				7AAA058E1C9FE2C800989840 /* main.c */,
			);
			path = atnthposition;
			sourceTree = "<group>";
		};
		7AAA05981C9FF13400989840 /* deleteatnthposition */ = {
			isa = PBXGroup;
			children = (
				7AAA05991C9FF13400989840 /* main.c */,
			);
			path = deleteatnthposition;
			sourceTree = "<group>";
		};
		7AAA05A31CA025B800989840 /* reverse */ = {
			isa = PBXGroup;
			children = (
				7AAA05A41CA025B800989840 /* main.c */,
			);
			path = reverse;
			sourceTree = "<group>";
		};
/* End PBXGroup section */

/* Begin PBXNativeTarget section */
		7AAA057D1C9F28DD00989840 /* listy youtube */ = {
			isa = PBXNativeTarget;
			buildConfigurationList = 7AAA05851C9F28DD00989840 /* Build configuration list for PBXNativeTarget "listy youtube" */;
			buildPhases = (
				7AAA057A1C9F28DD00989840 /* Sources */,
				7AAA057B1C9F28DD00989840 /* Frameworks */,
				7AAA057C1C9F28DD00989840 /* CopyFiles */,
			);
			buildRules = (
			);
			dependencies = (
			);
			name = "listy youtube";
			productName = "listy youtube";
			productReference = 7AAA057E1C9F28DD00989840 /* listy youtube */;
			productType = "com.apple.product-type.tool";
		};
		7AAA058B1C9FE2C800989840 /* atnthposition */ = {
			isa = PBXNativeTarget;
			buildConfigurationList = 7AAA05901C9FE2C800989840 /* Build configuration list for PBXNativeTarget "atnthposition" */;
			buildPhases = (
				7AAA05881C9FE2C800989840 /* Sources */,
				7AAA05891C9FE2C800989840 /* Frameworks */,
				7AAA058A1C9FE2C800989840 /* CopyFiles */,
			);
			buildRules = (
			);
			dependencies = (
			);
			name = atnthposition;
			productName = atnthposition;
			productReference = 7AAA058C1C9FE2C800989840 /* atnthposition */;
			productType = "com.apple.product-type.tool";
		};
		7AAA05961C9FF13400989840 /* deleteatnthposition */ = {
			isa = PBXNativeTarget;
			buildConfigurationList = 7AAA059B1C9FF13400989840 /* Build configuration list for PBXNativeTarget "deleteatnthposition" */;
			buildPhases = (
				7AAA05931C9FF13400989840 /* Sources */,
				7AAA05941C9FF13400989840 /* Frameworks */,
				7AAA05951C9FF13400989840 /* CopyFiles */,
			);
			buildRules = (
			);
			dependencies = (
			);
			name = deleteatnthposition;
			productName = deleteatnthposition;
			productReference = 7AAA05971C9FF13400989840 /* deleteatnthposition */;
			productType = "com.apple.product-type.tool";
		};
		7AAA05A11CA025B800989840 /* reverse */ = {
			isa = PBXNativeTarget;
			buildConfigurationList = 7AAA05A81CA025B800989840 /* Build configuration list for PBXNativeTarget "reverse" */;
			buildPhases = (
				7AAA059E1CA025B800989840 /* Sources */,
				7AAA059F1CA025B800989840 /* Frameworks */,
				7AAA05A01CA025B800989840 /* CopyFiles */,
			);
			buildRules = (
			);
			dependencies = (
			);
			name = reverse;
			productName = reverse;
			productReference = 7AAA05A21CA025B800989840 /* reverse */;
			productType = "com.apple.product-type.tool";
		};
/* End PBXNativeTarget section */

/* Begin PBXProject section */
		7AAA05761C9F28DD00989840 /* Project object */ = {
			isa = PBXProject;
			attributes = {
				LastUpgradeCheck = 0720;
				ORGANIZATIONNAME = "Wiktor Korol";
				TargetAttributes = {
					7AAA057D1C9F28DD00989840 = {
						CreatedOnToolsVersion = 7.2;
					};
					7AAA058B1C9FE2C800989840 = {
						CreatedOnToolsVersion = 7.2;
					};
					7AAA05961C9FF13400989840 = {
						CreatedOnToolsVersion = 7.2;
					};
					7AAA05A11CA025B800989840 = {
						CreatedOnToolsVersion = 7.2;
					};
				};
			};
			buildConfigurationList = 7AAA05791C9F28DD00989840 /* Build configuration list for PBXProject "listy youtube" */;
			compatibilityVersion = "Xcode 3.2";
			developmentRegion = English;
			hasScannedForEncodings = 0;
			knownRegions = (
				en,
			);
			mainGroup = 7AAA05751C9F28DD00989840;
			productRefGroup = 7AAA057F1C9F28DD00989840 /* Products */;
			projectDirPath = "";
			projectRoot = "";
			targets = (
				7AAA057D1C9F28DD00989840 /* listy youtube */,
				7AAA058B1C9FE2C800989840 /* atnthposition */,
				7AAA05961C9FF13400989840 /* deleteatnthposition */,
				7AAA05A11CA025B800989840 /* reverse */,
			);
		};
/* End PBXProject section */

/* Begin PBXSourcesBuildPhase section */
		7AAA057A1C9F28DD00989840 /* Sources */ = {
			isa = PBXSourcesBuildPhase;
			buildActionMask = 2147483647;
			files = (
				7AAA05821C9F28DD00989840 /* atbeginning.c in Sources */,
			);
			runOnlyForDeploymentPostprocessing = 0;
		};
		7AAA05881C9FE2C800989840 /* Sources */ = {
			isa = PBXSourcesBuildPhase;
			buildActionMask = 2147483647;
			files = (
				7AAA058F1C9FE2C800989840 /* main.c in Sources */,
			);
			runOnlyForDeploymentPostprocessing = 0;
		};
		7AAA05931C9FF13400989840 /* Sources */ = {
			isa = PBXSourcesBuildPhase;
			buildActionMask = 2147483647;
			files = (
				7AAA059A1C9FF13400989840 /* main.c in Sources */,
			);
			runOnlyForDeploymentPostprocessing = 0;
		};
		7AAA059E1CA025B800989840 /* Sources */ = {
			isa = PBXSourcesBuildPhase;
			buildActionMask = 2147483647;
			files = (
				7AAA05A51CA025B800989840 /* main.c in Sources */,
			);
			runOnlyForDeploymentPostprocessing = 0;
		};
/* End PBXSourcesBuildPhase section */

/* Begin XCBuildConfiguration section */
		7AAA05831C9F28DD00989840 /* Debug */ = {
			isa = XCBuildConfiguration;
			buildSettings = {
				ALWAYS_SEARCH_USER_PATHS = NO;
				CLANG_CXX_LANGUAGE_STANDARD = "gnu++0x";
				CLANG_CXX_LIBRARY = "libc++";
				CLANG_ENABLE_MODULES = YES;
				CLANG_ENABLE_OBJC_ARC = YES;
				CLANG_WARN_BOOL_CONVERSION = YES;
				CLANG_WARN_CONSTANT_CONVERSION = YES;
				CLANG_WARN_DIRECT_OBJC_ISA_USAGE = YES_ERROR;
				CLANG_WARN_EMPTY_BODY = YES;
				CLANG_WARN_ENUM_CONVERSION = YES;
				CLANG_WARN_INT_CONVERSION = YES;
				CLANG_WARN_OBJC_ROOT_CLASS = YES_ERROR;
				CLANG_WARN_UNREACHABLE_CODE = YES;
				CLANG_WARN__DUPLICATE_METHOD_MATCH = YES;
				CODE_SIGN_IDENTITY = "-";
				COPY_PHASE_STRIP = NO;
				DEBUG_INFORMATION_FORMAT = dwarf;
				ENABLE_STRICT_OBJC_MSGSEND = YES;
				ENABLE_TESTABILITY = YES;
				GCC_C_LANGUAGE_STANDARD = gnu99;
				GCC_DYNAMIC_NO_PIC = NO;
				GCC_NO_COMMON_BLOCKS = YES;
				GCC_OPTIMIZATION_LEVEL = 0;
				GCC_PREPROCESSOR_DEFINITIONS = (
					"DEBUG=1",
					"$(inherited)",
				);
				GCC_WARN_64_TO_32_BIT_CONVERSION = YES;
				GCC_WARN_ABOUT_RETURN_TYPE = YES_ERROR;
				GCC_WARN_UNDECLARED_SELECTOR = YES;
				GCC_WARN_UNINITIALIZED_AUTOS = YES_AGGRESSIVE;
				GCC_WARN_UNUSED_FUNCTION = YES;
				GCC_WARN_UNUSED_VARIABLE = YES;
				MACOSX_DEPLOYMENT_TARGET = 10.11;
				MTL_ENABLE_DEBUG_INFO = YES;
				ONLY_ACTIVE_ARCH = YES;
				SDKROOT = macosx;
			};
			name = Debug;
		};
		7AAA05841C9F28DD00989840 /* Release */ = {
			isa = XCBuildConfiguration;
			buildSettings = {
				ALWAYS_SEARCH_USER_PATHS = NO;
				CLANG_CXX_LANGUAGE_STANDARD = "gnu++0x";
				CLANG_CXX_LIBRARY = "libc++";
				CLANG_ENABLE_MODULES = YES;
				CLANG_ENABLE_OBJC_ARC = YES;
				CLANG_WARN_BOOL_CONVERSION = YES;
				CLANG_WARN_CONSTANT_CONVERSION = YES;
				CLANG_WARN_DIRECT_OBJC_ISA_USAGE = YES_ERROR;
				CLANG_WARN_EMPTY_BODY = YES;
				CLANG_WARN_ENUM_CONVERSION = YES;
				CLANG_WARN_INT_CONVERSION = YES;
				CLANG_WARN_OBJC_ROOT_CLASS = YES_ERROR;
				CLANG_WARN_UNREACHABLE_CODE = YES;
				CLANG_WARN__DUPLICATE_METHOD_MATCH = YES;
				CODE_SIGN_IDENTITY = "-";
				COPY_PHASE_STRIP = NO;
				DEBUG_INFORMATION_FORMAT = "dwarf-with-dsym";
				ENABLE_NS_ASSERTIONS = NO;
				ENABLE_STRICT_OBJC_MSGSEND = YES;
				GCC_C_LANGUAGE_STANDARD = gnu99;
				GCC_NO_COMMON_BLOCKS = YES;
				GCC_WARN_64_TO_32_BIT_CONVERSION = YES;
				GCC_WARN_ABOUT_RETURN_TYPE = YES_ERROR;
				GCC_WARN_UNDECLARED_SELECTOR = YES;
				GCC_WARN_UNINITIALIZED_AUTOS = YES_AGGRESSIVE;
				GCC_WARN_UNUSED_FUNCTION = YES;
				GCC_WARN_UNUSED_VARIABLE = YES;
				MACOSX_DEPLOYMENT_TARGET = 10.11;
				MTL_ENABLE_DEBUG_INFO = NO;
				SDKROOT = macosx;
			};
			name = Release;
		};
		7AAA05861C9F28DD00989840 /* Debug */ = {
			isa = XCBuildConfiguration;
			buildSettings = {
				PRODUCT_NAME = "$(TARGET_NAME)";
			};
			name = Debug;
		};
		7AAA05871C9F28DD00989840 /* Release */ = {
			isa = XCBuildConfiguration;
			buildSettings = {
				PRODUCT_NAME = "$(TARGET_NAME)";
			};
			name = Release;
		};
		7AAA05911C9FE2C800989840 /* Debug */ = {
			isa = XCBuildConfiguration;
			buildSettings = {
				PRODUCT_NAME = "$(TARGET_NAME)";
			};
			name = Debug;
		};
		7AAA05921C9FE2C800989840 /* Release */ = {
			isa = XCBuildConfiguration;
			buildSettings = {
				PRODUCT_NAME = "$(TARGET_NAME)";
			};
			name = Release;
		};
		7AAA059C1C9FF13400989840 /* Debug */ = {
			isa = XCBuildConfiguration;
			buildSettings = {
				PRODUCT_NAME = "$(TARGET_NAME)";
			};
			name = Debug;
		};
		7AAA059D1C9FF13400989840 /* Release */ = {
			isa = XCBuildConfiguration;
			buildSettings = {
				PRODUCT_NAME = "$(TARGET_NAME)";
			};
			name = Release;
		};
		7AAA05A61CA025B800989840 /* Debug */ = {
			isa = XCBuildConfiguration;
			buildSettings = {
				PRODUCT_NAME = "$(TARGET_NAME)";
			};
			name = Debug;
		};
		7AAA05A71CA025B800989840 /* Release */ = {
			isa = XCBuildConfiguration;
			buildSettings = {
				PRODUCT_NAME = "$(TARGET_NAME)";
			};
			name = Release;
		};
/* End XCBuildConfiguration section */

/* Begin XCConfigurationList section */
		7AAA05791C9F28DD00989840 /* Build configuration list for PBXProject "listy youtube" */ = {
			isa = XCConfigurationList;
			buildConfigurations = (
				7AAA05831C9F28DD00989840 /* Debug */,
				7AAA05841C9F28DD00989840 /* Release */,
			);
			defaultConfigurationIsVisible = 0;
			defaultConfigurationName = Release;
		};
		7AAA05851C9F28DD00989840 /* Build configuration list for PBXNativeTarget "listy youtube" */ = {
			isa = XCConfigurationList;
			buildConfigurations = (
				7AAA05861C9F28DD00989840 /* Debug */,
				7AAA05871C9F28DD00989840 /* Release */,
			);
			defaultConfigurationIsVisible = 0;
			defaultConfigurationName = Release;
		};
		7AAA05901C9FE2C800989840 /* Build configuration list for PBXNativeTarget "atnthposition" */ = {
			isa = XCConfigurationList;
			buildConfigurations = (
				7AAA05911C9FE2C800989840 /* Debug */,
				7AAA05921C9FE2C800989840 /* Release */,
			);
			defaultConfigurationIsVisible = 0;
			defaultConfigurationName = Release;
		};
		7AAA059B1C9FF13400989840 /* Build configuration list for PBXNativeTarget "deleteatnthposition" */ = {
			isa = XCConfigurationList;
			buildConfigurations = (
				7AAA059C1C9FF13400989840 /* Debug */,
				7AAA059D1C9FF13400989840 /* Release */,
			);
			defaultConfigurationIsVisible = 0;
			defaultConfigurationName = Release;
		};
		7AAA05A81CA025B800989840 /* Build configuration list for PBXNativeTarget "reverse" */ = {
			isa = XCConfigurationList;
			buildConfigurations = (
				7AAA05A61CA025B800989840 /* Debug */,
				7AAA05A71CA025B800989840 /* Release */,
			);
			defaultConfigurationIsVisible = 0;
		};
/* End XCConfigurationList section */
	};
	rootObject = 7AAA05761C9F28DD00989840 /* Project object */;
}
